
Microsoft Visual Studio Solution File, Format Version 12.00
# Visual Studio Version 17
VisualStudioVersion = 17.9.34714.143
MinimumVisualStudioVersion = 10.0.40219.1
Project("{FAE04EC0-301F-11D3-BF4B-00C04F79EFBC}") = "CSPrintQRCodeBarcode", "CSPrintQRCodeBarcode\CSPrintQRCodeBarcode.csproj", "{9B9271D4-D03C-4890-B2EF-4B736858F1CE}"
EndProject
Global
	GlobalSection(SolutionConfigurationPlatforms) = preSolution
		Debug|Any CPU = Debug|Any CPU
		Release|Any CPU = Release|Any CPU
	EndGlobalSection
	GlobalSection(ProjectConfigurationPlatforms) = postSolution
		{9B9271D4-D03C-4890-B2EF-4B736858F1CE}.Debug|Any CPU.ActiveCfg = Debug|Any CPU
		{9B9271D4-D03C-4890-B2EF-4B736858F1CE}.Debug|Any CPU.Build.0 = Debug|Any CPU
		{9B9271D4-D03C-4890-B2EF-4B736858F1CE}.Release|Any CPU.ActiveCfg = Release|Any CPU
		{9B9271D4-D03C-4890-B2EF-4B736858F1CE}.Release|Any CPU.Build.0 = Release|Any CPU
	EndGlobalSection
	GlobalSection(SolutionProperties) = preSolution
		HideSolutionNode = FALSE
	EndGlobalSection
	GlobalSection(ExtensibilityGlobals) = postSolution
		SolutionGuid = {B011E26A-5EE4-403B-8486-4532CD73E8B4}
	EndGlobalSection
EndGlobal
